// !$*UTF8*$!
{
	archiveVersion = 1;
	classes = {
	};
	objectVersion = 55;
	objects = {

/* Begin PBXBuildFile section */
		B6370A652802026A0061B728 /* AppDelegate.swift in Sources */ = {isa = PBXBuildFile; fileRef = B6370A642802026A0061B728 /* AppDelegate.swift */; };
		B6370A672802026A0061B728 /* SceneDelegate.swift in Sources */ = {isa = PBXBuildFile; fileRef = B6370A662802026A0061B728 /* SceneDelegate.swift */; };
		B6370A692802026A0061B728 /* ViewController.swift in Sources */ = {isa = PBXBuildFile; fileRef = B6370A682802026A0061B728 /* ViewController.swift */; };
		B6370A6E2802026D0061B728 /* Assets.xcassets in Resources */ = {isa = PBXBuildFile; fileRef = B6370A6D2802026D0061B728 /* Assets.xcassets */; };
		B6370A712802026D0061B728 /* LaunchScreen.storyboard in Resources */ = {isa = PBXBuildFile; fileRef = B6370A6F2802026D0061B728 /* LaunchScreen.storyboard */; };
		B6370A7A280204530061B728 /* Realm in Frameworks */ = {isa = PBXBuildFile; productRef = B6370A79280204530061B728 /* Realm */; };
		B6370A7C280204530061B728 /* RealmSwift in Frameworks */ = {isa = PBXBuildFile; productRef = B6370A7B280204530061B728 /* RealmSwift */; };
		B6370A80280204780061B728 /* DataBaseManager.swift in Sources */ = {isa = PBXBuildFile; fileRef = B6370A7F280204780061B728 /* DataBaseManager.swift */; };
		B6370A82280204950061B728 /* PersistenceMapperProtocol.swift in Sources */ = {isa = PBXBuildFile; fileRef = B6370A81280204950061B728 /* PersistenceMapperProtocol.swift */; };
		B6370A84280205200061B728 /* ModelMapperProtocol.swift in Sources */ = {isa = PBXBuildFile; fileRef = B6370A83280205200061B728 /* ModelMapperProtocol.swift */; };
		B6370A87280205E60061B728 /* UserModel.swift in Sources */ = {isa = PBXBuildFile; fileRef = B6370A86280205E60061B728 /* UserModel.swift */; };
		B6370A89280205F90061B728 /* DataBaseModel.swift in Sources */ = {isa = PBXBuildFile; fileRef = B6370A88280205F90061B728 /* DataBaseModel.swift */; };
		B6370A8C2802153F0061B728 /* ModelManager.swift in Sources */ = {isa = PBXBuildFile; fileRef = B6370A8B2802153F0061B728 /* ModelManager.swift */; };
		B6370A8E280215C40061B728 /* Mappers.swift in Sources */ = {isa = PBXBuildFile; fileRef = B6370A8D280215C40061B728 /* Mappers.swift */; };
		B6370A9028021AF90061B728 /* ModernMappers.swift in Sources */ = {isa = PBXBuildFile; fileRef = B6370A8F28021AF90061B728 /* ModernMappers.swift */; };
/* End PBXBuildFile section */

/* Begin PBXFileReference section */
		B6370A612802026A0061B728 /* forealer.app */ = {isa = PBXFileReference; explicitFileType = wrapper.application; includeInIndex = 0; path = forealer.app; sourceTree = BUILT_PRODUCTS_DIR; };
		B6370A642802026A0061B728 /* AppDelegate.swift */ = {isa = PBXFileReference; lastKnownFileType = sourcecode.swift; path = AppDelegate.swift; sourceTree = "<group>"; };
		B6370A662802026A0061B728 /* SceneDelegate.swift */ = {isa = PBXFileReference; lastKnownFileType = sourcecode.swift; path = SceneDelegate.swift; sourceTree = "<group>"; };
		B6370A682802026A0061B728 /* ViewController.swift */ = {isa = PBXFileReference; lastKnownFileType = sourcecode.swift; path = ViewController.swift; sourceTree = "<group>"; };
		B6370A6D2802026D0061B728 /* Assets.xcassets */ = {isa = PBXFileReference; lastKnownFileType = folder.assetcatalog; path = Assets.xcassets; sourceTree = "<group>"; };
		B6370A702802026D0061B728 /* Base */ = {isa = PBXFileReference; lastKnownFileType = file.storyboard; name = Base; path = Base.lproj/LaunchScreen.storyboard; sourceTree = "<group>"; };
		B6370A722802026D0061B728 /* Info.plist */ = {isa = PBXFileReference; lastKnownFileType = text.plist.xml; path = Info.plist; sourceTree = "<group>"; };
		B6370A7F280204780061B728 /* DataBaseManager.swift */ = {isa = PBXFileReference; lastKnownFileType = sourcecode.swift; path = DataBaseManager.swift; sourceTree = "<group>"; };
		B6370A81280204950061B728 /* PersistenceMapperProtocol.swift */ = {isa = PBXFileReference; lastKnownFileType = sourcecode.swift; path = PersistenceMapperProtocol.swift; sourceTree = "<group>"; };
		B6370A83280205200061B728 /* ModelMapperProtocol.swift */ = {isa = PBXFileReference; lastKnownFileType = sourcecode.swift; path = ModelMapperProtocol.swift; sourceTree = "<group>"; };
		B6370A86280205E60061B728 /* UserModel.swift */ = {isa = PBXFileReference; lastKnownFileType = sourcecode.swift; path = UserModel.swift; sourceTree = "<group>"; };
		B6370A88280205F90061B728 /* DataBaseModel.swift */ = {isa = PBXFileReference; lastKnownFileType = sourcecode.swift; path = DataBaseModel.swift; sourceTree = "<group>"; };
		B6370A8B2802153F0061B728 /* ModelManager.swift */ = {isa = PBXFileReference; lastKnownFileType = sourcecode.swift; path = ModelManager.swift; sourceTree = "<group>"; };
		B6370A8D280215C40061B728 /* Mappers.swift */ = {isa = PBXFileReference; lastKnownFileType = sourcecode.swift; path = Mappers.swift; sourceTree = "<group>"; };
		B6370A8F28021AF90061B728 /* ModernMappers.swift */ = {isa = PBXFileReference; lastKnownFileType = sourcecode.swift; path = ModernMappers.swift; sourceTree = "<group>"; };
/* End PBXFileReference section */

/* Begin PBXFrameworksBuildPhase section */
		B6370A5E2802026A0061B728 /* Frameworks */ = {
			isa = PBXFrameworksBuildPhase;
			buildActionMask = 2147483647;
			files = (
				B6370A7C280204530061B728 /* RealmSwift in Frameworks */,
				B6370A7A280204530061B728 /* Realm in Frameworks */,
			);
			runOnlyForDeploymentPostprocessing = 0;
		};
/* End PBXFrameworksBuildPhase section */

/* Begin PBXGroup section */
		B6370A582802026A0061B728 = {
			isa = PBXGroup;
			children = (
				B6370A632802026A0061B728 /* forealer */,
				B6370A622802026A0061B728 /* Products */,
			);
			sourceTree = "<group>";
		};
		B6370A622802026A0061B728 /* Products */ = {
			isa = PBXGroup;
			children = (
				B6370A612802026A0061B728 /* forealer.app */,
			);
			name = Products;
			sourceTree = "<group>";
		};
		B6370A632802026A0061B728 /* forealer */ = {
			isa = PBXGroup;
			children = (
				B6370A7E280204690061B728 /* Managers */,
				B6370A7D280204610061B728 /* Flows */,
				B6370A642802026A0061B728 /* AppDelegate.swift */,
				B6370A662802026A0061B728 /* SceneDelegate.swift */,
				B6370A6D2802026D0061B728 /* Assets.xcassets */,
				B6370A6F2802026D0061B728 /* LaunchScreen.storyboard */,
				B6370A722802026D0061B728 /* Info.plist */,
			);
			path = forealer;
			sourceTree = "<group>";
		};
		B6370A7D280204610061B728 /* Flows */ = {
			isa = PBXGroup;
			children = (
				B6370A682802026A0061B728 /* ViewController.swift */,
			);
			path = Flows;
			sourceTree = "<group>";
		};
		B6370A7E280204690061B728 /* Managers */ = {
			isa = PBXGroup;
			children = (
				B6370A7F280204780061B728 /* DataBaseManager.swift */,
				B6370A8B2802153F0061B728 /* ModelManager.swift */,
				B6370A8A280206780061B728 /* Models */,
				B6370A852802057F0061B728 /* Protocols */,
				B6370A8D280215C40061B728 /* Mappers.swift */,
				B6370A8F28021AF90061B728 /* ModernMappers.swift */,
			);
			path = Managers;
			sourceTree = "<group>";
		};
		B6370A852802057F0061B728 /* Protocols */ = {
			isa = PBXGroup;
			children = (
				B6370A81280204950061B728 /* PersistenceMapperProtocol.swift */,
				B6370A83280205200061B728 /* ModelMapperProtocol.swift */,
			);
			path = Protocols;
			sourceTree = "<group>";
		};
		B6370A8A280206780061B728 /* Models */ = {
			isa = PBXGroup;
			children = (
				B6370A86280205E60061B728 /* UserModel.swift */,
				B6370A88280205F90061B728 /* DataBaseModel.swift */,
			);
			path = Models;
			sourceTree = "<group>";
		};
/* End PBXGroup section */

/* Begin PBXNativeTarget section */
		B6370A602802026A0061B728 /* forealer */ = {
			isa = PBXNativeTarget;
			buildConfigurationList = B6370A752802026D0061B728 /* Build configuration list for PBXNativeTarget "forealer" */;
			buildPhases = (
				B6370A5D2802026A0061B728 /* Sources */,
				B6370A5E2802026A0061B728 /* Frameworks */,
				B6370A5F2802026A0061B728 /* Resources */,
			);
			buildRules = (
			);
			dependencies = (
			);
			name = forealer;
			packageProductDependencies = (
				B6370A79280204530061B728 /* Realm */,
				B6370A7B280204530061B728 /* RealmSwift */,
			);
			productName = forealer;
			productReference = B6370A612802026A0061B728 /* forealer.app */;
			productType = "com.apple.product-type.application";
		};
/* End PBXNativeTarget section */

/* Begin PBXProject section */
		B6370A592802026A0061B728 /* Project object */ = {
			isa = PBXProject;
			attributes = {
				BuildIndependentTargetsInParallel = 1;
				LastSwiftUpdateCheck = 1330;
				LastUpgradeCheck = 1330;
				TargetAttributes = {
					B6370A602802026A0061B728 = {
						CreatedOnToolsVersion = 13.3;
					};
				};
			};
			buildConfigurationList = B6370A5C2802026A0061B728 /* Build configuration list for PBXProject "forealer" */;
			compatibilityVersion = "Xcode 13.0";
			developmentRegion = en;
			hasScannedForEncodings = 0;
			knownRegions = (
				en,
				Base,
			);
			mainGroup = B6370A582802026A0061B728;
			packageReferences = (
				B6370A78280204530061B728 /* XCRemoteSwiftPackageReference "realm-swift" */,
			);
			productRefGroup = B6370A622802026A0061B728 /* Products */;
			projectDirPath = "";
			projectRoot = "";
			targets = (
				B6370A602802026A0061B728 /* forealer */,
			);
		};
/* End PBXProject section */

/* Begin PBXResourcesBuildPhase section */
		B6370A5F2802026A0061B728 /* Resources */ = {
			isa = PBXResourcesBuildPhase;
			buildActionMask = 2147483647;
			files = (
				B6370A712802026D0061B728 /* LaunchScreen.storyboard in Resources */,
				B6370A6E2802026D0061B728 /* Assets.xcassets in Resources */,
			);
			runOnlyForDeploymentPostprocessing = 0;
		};
/* End PBXResourcesBuildPhase section */

/* Begin PBXSourcesBuildPhase section */
		B6370A5D2802026A0061B728 /* Sources */ = {
			isa = PBXSourcesBuildPhase;
			buildActionMask = 2147483647;
			files = (
				B6370A8E280215C40061B728 /* Mappers.swift in Sources */,
				B6370A80280204780061B728 /* DataBaseManager.swift in Sources */,
				B6370A87280205E60061B728 /* UserModel.swift in Sources */,
				B6370A82280204950061B728 /* PersistenceMapperProtocol.swift in Sources */,
				B6370A692802026A0061B728 /* ViewController.swift in Sources */,
				B6370A9028021AF90061B728 /* ModernMappers.swift in Sources */,
				B6370A89280205F90061B728 /* DataBaseModel.swift in Sources */,
				B6370A8C2802153F0061B728 /* ModelManager.swift in Sources */,
				B6370A652802026A0061B728 /* AppDelegate.swift in Sources */,
				B6370A84280205200061B728 /* ModelMapperProtocol.swift in Sources */,
				B6370A672802026A0061B728 /* SceneDelegate.swift in Sources */,
			);
			runOnlyForDeploymentPostprocessing = 0;
		};
/* End PBXSourcesBuildPhase section */

/* Begin PBXVariantGroup section */
		B6370A6F2802026D0061B728 /* LaunchScreen.storyboard */ = {
			isa = PBXVariantGroup;
			children = (
				B6370A702802026D0061B728 /* Base */,
			);
			name = LaunchScreen.storyboard;
			sourceTree = "<group>";
		};
/* End PBXVariantGroup section */

/* Begin XCBuildConfiguration section */
		B6370A732802026D0061B728 /* Debug */ = {
			isa = XCBuildConfiguration;
			buildSettings = {
				ALWAYS_SEARCH_USER_PATHS = NO;
				CLANG_ANALYZER_NONNULL = YES;
				CLANG_ANALYZER_NUMBER_OBJECT_CONVERSION = YES_AGGRESSIVE;
				CLANG_CXX_LANGUAGE_STANDARD = "gnu++17";
				CLANG_ENABLE_MODULES = YES;
				CLANG_ENABLE_OBJC_ARC = YES;
				CLANG_ENABLE_OBJC_WEAK = YES;
				CLANG_WARN_BLOCK_CAPTURE_AUTORELEASING = YES;
				CLANG_WARN_BOOL_CONVERSION = YES;
				CLANG_WARN_COMMA = YES;
				CLANG_WARN_CONSTANT_CONVERSION = YES;
				CLANG_WARN_DEPRECATED_OBJC_IMPLEMENTATIONS = YES;
				CLANG_WARN_DIRECT_OBJC_ISA_USAGE = YES_ERROR;
				CLANG_WARN_DOCUMENTATION_COMMENTS = YES;
				CLANG_WARN_EMPTY_BODY = YES;
				CLANG_WARN_ENUM_CONVERSION = YES;
				CLANG_WARN_INFINITE_RECURSION = YES;
				CLANG_WARN_INT_CONVERSION = YES;
				CLANG_WARN_NON_LITERAL_NULL_CONVERSION = YES;
				CLANG_WARN_OBJC_IMPLICIT_RETAIN_SELF = YES;
				CLANG_WARN_OBJC_LITERAL_CONVERSION = YES;
				CLANG_WARN_OBJC_ROOT_CLASS = YES_ERROR;
				CLANG_WARN_QUOTED_INCLUDE_IN_FRAMEWORK_HEADER = YES;
				CLANG_WARN_RANGE_LOOP_ANALYSIS = YES;
				CLANG_WARN_STRICT_PROTOTYPES = YES;
				CLANG_WARN_SUSPICIOUS_MOVE = YES;
				CLANG_WARN_UNGUARDED_AVAILABILITY = YES_AGGRESSIVE;
				CLANG_WARN_UNREACHABLE_CODE = YES;
				CLANG_WARN__DUPLICATE_METHOD_MATCH = YES;
				COPY_PHASE_STRIP = NO;
				DEBUG_INFORMATION_FORMAT = dwarf;
				ENABLE_STRICT_OBJC_MSGSEND = YES;
				ENABLE_TESTABILITY = YES;
				GCC_C_LANGUAGE_STANDARD = gnu11;
				GCC_DYNAMIC_NO_PIC = NO;
				GCC_NO_COMMON_BLOCKS = YES;
				GCC_OPTIMIZATION_LEVEL = 0;
				GCC_PREPROCESSOR_DEFINITIONS = (
					"DEBUG=1",
					"$(inherited)",
				);
				GCC_WARN_64_TO_32_BIT_CONVERSION = YES;
				GCC_WARN_ABOUT_RETURN_TYPE = YES_ERROR;
				GCC_WARN_UNDECLARED_SELECTOR = YES;
				GCC_WARN_UNINITIALIZED_AUTOS = YES_AGGRESSIVE;
				GCC_WARN_UNUSED_FUNCTION = YES;
				GCC_WARN_UNUSED_VARIABLE = YES;
				IPHONEOS_DEPLOYMENT_TARGET = 15.4;
				MTL_ENABLE_DEBUG_INFO = INCLUDE_SOURCE;
				MTL_FAST_MATH = YES;
				ONLY_ACTIVE_ARCH = YES;
				SDKROOT = iphoneos;
				SWIFT_ACTIVE_COMPILATION_CONDITIONS = DEBUG;
				SWIFT_OPTIMIZATION_LEVEL = "-Onone";
			};
			name = Debug;
		};
		B6370A742802026D0061B728 /* Release */ = {
			isa = XCBuildConfiguration;
			buildSettings = {
				ALWAYS_SEARCH_USER_PATHS = NO;
				CLANG_ANALYZER_NONNULL = YES;
				CLANG_ANALYZER_NUMBER_OBJECT_CONVERSION = YES_AGGRESSIVE;
				CLANG_CXX_LANGUAGE_STANDARD = "gnu++17";
				CLANG_ENABLE_MODULES = YES;
				CLANG_ENABLE_OBJC_ARC = YES;
				CLANG_ENABLE_OBJC_WEAK = YES;
				CLANG_WARN_BLOCK_CAPTURE_AUTORELEASING = YES;
				CLANG_WARN_BOOL_CONVERSION = YES;
				CLANG_WARN_COMMA = YES;
				CLANG_WARN_CONSTANT_CONVERSION = YES;
				CLANG_WARN_DEPRECATED_OBJC_IMPLEMENTATIONS = YES;
				CLANG_WARN_DIRECT_OBJC_ISA_USAGE = YES_ERROR;
				CLANG_WARN_DOCUMENTATION_COMMENTS = YES;
				CLANG_WARN_EMPTY_BODY = YES;
				CLANG_WARN_ENUM_CONVERSION = YES;
				CLANG_WARN_INFINITE_RECURSION = YES;
				CLANG_WARN_INT_CONVERSION = YES;
				CLANG_WARN_NON_LITERAL_NULL_CONVERSION = YES;
				CLANG_WARN_OBJC_IMPLICIT_RETAIN_SELF = YES;
				CLANG_WARN_OBJC_LITERAL_CONVERSION = YES;
				CLANG_WARN_OBJC_ROOT_CLASS = YES_ERROR;
				CLANG_WARN_QUOTED_INCLUDE_IN_FRAMEWORK_HEADER = YES;
				CLANG_WARN_RANGE_LOOP_ANALYSIS = YES;
				CLANG_WARN_STRICT_PROTOTYPES = YES;
				CLANG_WARN_SUSPICIOUS_MOVE = YES;
				CLANG_WARN_UNGUARDED_AVAILABILITY = YES_AGGRESSIVE;
				CLANG_WARN_UNREACHABLE_CODE = YES;
				CLANG_WARN__DUPLICATE_METHOD_MATCH = YES;
				COPY_PHASE_STRIP = NO;
				DEBUG_INFORMATION_FORMAT = "dwarf-with-dsym";
				ENABLE_NS_ASSERTIONS = NO;
				ENABLE_STRICT_OBJC_MSGSEND = YES;
				GCC_C_LANGUAGE_STANDARD = gnu11;
				GCC_NO_COMMON_BLOCKS = YES;
				GCC_WARN_64_TO_32_BIT_CONVERSION = YES;
				GCC_WARN_ABOUT_RETURN_TYPE = YES_ERROR;
				GCC_WARN_UNDECLARED_SELECTOR = YES;
				GCC_WARN_UNINITIALIZED_AUTOS = YES_AGGRESSIVE;
				GCC_WARN_UNUSED_FUNCTION = YES;
				GCC_WARN_UNUSED_VARIABLE = YES;
				IPHONEOS_DEPLOYMENT_TARGET = 15.4;
				MTL_ENABLE_DEBUG_INFO = NO;
				MTL_FAST_MATH = YES;
				SDKROOT = iphoneos;
				SWIFT_COMPILATION_MODE = wholemodule;
				SWIFT_OPTIMIZATION_LEVEL = "-O";
				VALIDATE_PRODUCT = YES;
			};
			name = Release;
		};
		B6370A762802026D0061B728 /* Debug */ = {
			isa = XCBuildConfiguration;
			buildSettings = {
				ASSETCATALOG_COMPILER_APPICON_NAME = AppIcon;
				ASSETCATALOG_COMPILER_GLOBAL_ACCENT_COLOR_NAME = AccentColor;
				CODE_SIGN_STYLE = Automatic;
				CURRENT_PROJECT_VERSION = 1;
				DEVELOPMENT_TEAM = JKYU7W8LBP;
				GENERATE_INFOPLIST_FILE = YES;
				INFOPLIST_FILE = forealer/Info.plist;
				INFOPLIST_KEY_UIApplicationSupportsIndirectInputEvents = YES;
				INFOPLIST_KEY_UILaunchStoryboardName = LaunchScreen;
				INFOPLIST_KEY_UISupportedInterfaceOrientations_iPad = "UIInterfaceOrientationPortrait UIInterfaceOrientationPortraitUpsideDown UIInterfaceOrientationLandscapeLeft UIInterfaceOrientationLandscapeRight";
				INFOPLIST_KEY_UISupportedInterfaceOrientations_iPhone = "UIInterfaceOrientationPortrait UIInterfaceOrientationLandscapeLeft UIInterfaceOrientationLandscapeRight";
				LD_RUNPATH_SEARCH_PATHS = (
					"$(inherited)",
					"@executable_path/Frameworks",
				);
				MARKETING_VERSION = 1.0;
				PRODUCT_BUNDLE_IDENTIFIER = mishacausur.forealer;
				PRODUCT_NAME = "$(TARGET_NAME)";
				SWIFT_EMIT_LOC_STRINGS = YES;
				SWIFT_VERSION = 5.0;
				TARGETED_DEVICE_FAMILY = "1,2";
			};
			name = Debug;
		};
		B6370A772802026D0061B728 /* Release */ = {
			isa = XCBuildConfiguration;
			buildSettings = {
				ASSETCATALOG_COMPILER_APPICON_NAME = AppIcon;
				ASSETCATALOG_COMPILER_GLOBAL_ACCENT_COLOR_NAME = AccentColor;
				CODE_SIGN_STYLE = Automatic;
				CURRENT_PROJECT_VERSION = 1;
				DEVELOPMENT_TEAM = JKYU7W8LBP;
				GENERATE_INFOPLIST_FILE = YES;
				INFOPLIST_FILE = forealer/Info.plist;
				INFOPLIST_KEY_UIApplicationSupportsIndirectInputEvents = YES;
				INFOPLIST_KEY_UILaunchStoryboardName = LaunchScreen;
				INFOPLIST_KEY_UISupportedInterfaceOrientations_iPad = "UIInterfaceOrientationPortrait UIInterfaceOrientationPortraitUpsideDown UIInterfaceOrientationLandscapeLeft UIInterfaceOrientationLandscapeRight";
				INFOPLIST_KEY_UISupportedInterfaceOrientations_iPhone = "UIInterfaceOrientationPortrait UIInterfaceOrientationLandscapeLeft UIInterfaceOrientationLandscapeRight";
				LD_RUNPATH_SEARCH_PATHS = (
					"$(inherited)",
					"@executable_path/Frameworks",
				);
				MARKETING_VERSION = 1.0;
				PRODUCT_BUNDLE_IDENTIFIER = mishacausur.forealer;
				PRODUCT_NAME = "$(TARGET_NAME)";
				SWIFT_EMIT_LOC_STRINGS = YES;
				SWIFT_VERSION = 5.0;
				TARGETED_DEVICE_FAMILY = "1,2";
			};
			name = Release;
		};
/* End XCBuildConfiguration section */

/* Begin XCConfigurationList section */
		B6370A5C2802026A0061B728 /* Build configuration list for PBXProject "forealer" */ = {
			isa = XCConfigurationList;
			buildConfigurations = (
				B6370A732802026D0061B728 /* Debug */,
				B6370A742802026D0061B728 /* Release */,
			);
			defaultConfigurationIsVisible = 0;
			defaultConfigurationName = Release;
		};
		B6370A752802026D0061B728 /* Build configuration list for PBXNativeTarget "forealer" */ = {
			isa = XCConfigurationList;
			buildConfigurations = (
				B6370A762802026D0061B728 /* Debug */,
				B6370A772802026D0061B728 /* Release */,
			);
			defaultConfigurationIsVisible = 0;
			defaultConfigurationName = Release;
		};
/* End XCConfigurationList section */

/* Begin XCRemoteSwiftPackageReference section */
		B6370A78280204530061B728 /* XCRemoteSwiftPackageReference "realm-swift" */ = {
			isa = XCRemoteSwiftPackageReference;
			repositoryURL = "https://github.com/realm/realm-swift";
			requirement = {
				branch = master;
				kind = branch;
			};
		};
/* End XCRemoteSwiftPackageReference section */

/* Begin XCSwiftPackageProductDependency section */
		B6370A79280204530061B728 /* Realm */ = {
			isa = XCSwiftPackageProductDependency;
			package = B6370A78280204530061B728 /* XCRemoteSwiftPackageReference "realm-swift" */;
			productName = Realm;
		};
		B6370A7B280204530061B728 /* RealmSwift */ = {
			isa = XCSwiftPackageProductDependency;
			package = B6370A78280204530061B728 /* XCRemoteSwiftPackageReference "realm-swift" */;
			productName = RealmSwift;
		};
/* End XCSwiftPackageProductDependency section */
	};
	rootObject = B6370A592802026A0061B728 /* Project object */;
}
